// !$*UTF8*$!
{
	archiveVersion = 1;
	classes = {
	};
	objectVersion = 46;
	objects = {

/* Begin PBXBuildFile section */
		E618E497181E50F900BD74FB /* automationTest.js in Sources */ = {isa = PBXBuildFile; fileRef = E618E496181E50F900BD74FB /* automationTest.js */; };
		E6B39E1F1815161B00E1F83D /* Foundation.framework in Frameworks */ = {isa = PBXBuildFile; fileRef = E6B39E1E1815161B00E1F83D /* Foundation.framework */; };
		E6B39E211815161B00E1F83D /* CoreGraphics.framework in Frameworks */ = {isa = PBXBuildFile; fileRef = E6B39E201815161B00E1F83D /* CoreGraphics.framework */; };
		E6B39E231815161B00E1F83D /* UIKit.framework in Frameworks */ = {isa = PBXBuildFile; fileRef = E6B39E221815161B00E1F83D /* UIKit.framework */; };
		E6B39E291815161B00E1F83D /* InfoPlist.strings in Resources */ = {isa = PBXBuildFile; fileRef = E6B39E271815161B00E1F83D /* InfoPlist.strings */; };
		E6B39E2B1815161B00E1F83D /* main.m in Sources */ = {isa = PBXBuildFile; fileRef = E6B39E2A1815161B00E1F83D /* main.m */; };
		E6B39E2F1815161B00E1F83D /* NMAppDelegate.m in Sources */ = {isa = PBXBuildFile; fileRef = E6B39E2E1815161B00E1F83D /* NMAppDelegate.m */; };
		E6B39E321815161B00E1F83D /* Main.storyboard in Resources */ = {isa = PBXBuildFile; fileRef = E6B39E301815161B00E1F83D /* Main.storyboard */; };
		E6B39E351815161B00E1F83D /* NMViewController.m in Sources */ = {isa = PBXBuildFile; fileRef = E6B39E341815161B00E1F83D /* NMViewController.m */; };
		E6B39E371815161B00E1F83D /* Images.xcassets in Resources */ = {isa = PBXBuildFile; fileRef = E6B39E361815161B00E1F83D /* Images.xcassets */; };
		E6B39EAF181533C500E1F83D /* NMUtils.m in Sources */ = {isa = PBXBuildFile; fileRef = E6B39EAE181533C500E1F83D /* NMUtils.m */; };
		E6B39F2018154F0F00E1F83D /* Foundation.framework in Frameworks */ = {isa = PBXBuildFile; fileRef = E6B39E1E1815161B00E1F83D /* Foundation.framework */; };
		E6B39F2118154F0F00E1F83D /* UIKit.framework in Frameworks */ = {isa = PBXBuildFile; fileRef = E6B39E221815161B00E1F83D /* UIKit.framework */; };
		E6B39F2718154F0F00E1F83D /* InfoPlist.strings in Resources */ = {isa = PBXBuildFile; fileRef = E6B39F2518154F0F00E1F83D /* InfoPlist.strings */; };
		E6B39F2918154F0F00E1F83D /* AutoBuilds_Tests.m in Sources */ = {isa = PBXBuildFile; fileRef = E6B39F2818154F0F00E1F83D /* AutoBuilds_Tests.m */; };
		E6B39F3018154F7B00E1F83D /* NMUtils.m in Sources */ = {isa = PBXBuildFile; fileRef = E6B39EAE181533C500E1F83D /* NMUtils.m */; };
		E6B39F3218154FA600E1F83D /* XCTest.framework in Frameworks */ = {isa = PBXBuildFile; fileRef = E6B39F3118154FA600E1F83D /* XCTest.framework */; };
/* End PBXBuildFile section */

/* Begin PBXContainerItemProxy section */
		E6B39F2B18154F0F00E1F83D /* PBXContainerItemProxy */ = {
			isa = PBXContainerItemProxy;
			containerPortal = E6B39E131815161B00E1F83D /* Project object */;
			proxyType = 1;
			remoteGlobalIDString = E6B39E1A1815161B00E1F83D;
			remoteInfo = AutoBuilds;
		};
/* End PBXContainerItemProxy section */

/* Begin PBXFileReference section */
		E618E496181E50F900BD74FB /* automationTest.js */ = {isa = PBXFileReference; fileEncoding = 4; lastKnownFileType = sourcecode.javascript; name = automationTest.js; path = Automation_Tests/automationTest.js; sourceTree = "<group>"; };
		E6B39E1B1815161B00E1F83D /* AutoBuilds.app */ = {isa = PBXFileReference; explicitFileType = wrapper.application; includeInIndex = 0; path = AutoBuilds.app; sourceTree = BUILT_PRODUCTS_DIR; };
		E6B39E1E1815161B00E1F83D /* Foundation.framework */ = {isa = PBXFileReference; lastKnownFileType = wrapper.framework; name = Foundation.framework; path = System/Library/Frameworks/Foundation.framework; sourceTree = SDKROOT; };
		E6B39E201815161B00E1F83D /* CoreGraphics.framework */ = {isa = PBXFileReference; lastKnownFileType = wrapper.framework; name = CoreGraphics.framework; path = System/Library/Frameworks/CoreGraphics.framework; sourceTree = SDKROOT; };
		E6B39E221815161B00E1F83D /* UIKit.framework */ = {isa = PBXFileReference; lastKnownFileType = wrapper.framework; name = UIKit.framework; path = System/Library/Frameworks/UIKit.framework; sourceTree = SDKROOT; };
		E6B39E261815161B00E1F83D /* AutoBuilds-Info.plist */ = {isa = PBXFileReference; lastKnownFileType = text.plist.xml; path = "AutoBuilds-Info.plist"; sourceTree = "<group>"; };
		E6B39E281815161B00E1F83D /* en */ = {isa = PBXFileReference; lastKnownFileType = text.plist.strings; name = en; path = en.lproj/InfoPlist.strings; sourceTree = "<group>"; };
		E6B39E2A1815161B00E1F83D /* main.m */ = {isa = PBXFileReference; lastKnownFileType = sourcecode.c.objc; path = main.m; sourceTree = "<group>"; };
		E6B39E2C1815161B00E1F83D /* AutoBuilds-Prefix.pch */ = {isa = PBXFileReference; lastKnownFileType = sourcecode.c.h; path = "AutoBuilds-Prefix.pch"; sourceTree = "<group>"; };
		E6B39E2D1815161B00E1F83D /* NMAppDelegate.h */ = {isa = PBXFileReference; lastKnownFileType = sourcecode.c.h; path = NMAppDelegate.h; sourceTree = "<group>"; };
		E6B39E2E1815161B00E1F83D /* NMAppDelegate.m */ = {isa = PBXFileReference; lastKnownFileType = sourcecode.c.objc; path = NMAppDelegate.m; sourceTree = "<group>"; };
		E6B39E311815161B00E1F83D /* Base */ = {isa = PBXFileReference; lastKnownFileType = file.storyboard; name = Base; path = Base.lproj/Main.storyboard; sourceTree = "<group>"; };
		E6B39E331815161B00E1F83D /* NMViewController.h */ = {isa = PBXFileReference; lastKnownFileType = sourcecode.c.h; path = NMViewController.h; sourceTree = "<group>"; };
		E6B39E341815161B00E1F83D /* NMViewController.m */ = {isa = PBXFileReference; lastKnownFileType = sourcecode.c.objc; path = NMViewController.m; sourceTree = "<group>"; };
		E6B39E361815161B00E1F83D /* Images.xcassets */ = {isa = PBXFileReference; lastKnownFileType = folder.assetcatalog; path = Images.xcassets; sourceTree = "<group>"; };
		E6B39EAD181533C500E1F83D /* NMUtils.h */ = {isa = PBXFileReference; fileEncoding = 4; lastKnownFileType = sourcecode.c.h; path = NMUtils.h; sourceTree = "<group>"; };
		E6B39EAE181533C500E1F83D /* NMUtils.m */ = {isa = PBXFileReference; fileEncoding = 4; lastKnownFileType = sourcecode.c.objc; path = NMUtils.m; sourceTree = "<group>"; };
		E6B39F1D18154F0E00E1F83D /* AutoBuilds_Tests.xctest */ = {isa = PBXFileReference; explicitFileType = wrapper.cfbundle; includeInIndex = 0; path = AutoBuilds_Tests.xctest; sourceTree = BUILT_PRODUCTS_DIR; };
		E6B39F2418154F0F00E1F83D /* AutoBuilds_Tests-Info.plist */ = {isa = PBXFileReference; lastKnownFileType = text.plist.xml; path = "AutoBuilds_Tests-Info.plist"; sourceTree = "<group>"; };
		E6B39F2618154F0F00E1F83D /* en */ = {isa = PBXFileReference; lastKnownFileType = text.plist.strings; name = en; path = en.lproj/InfoPlist.strings; sourceTree = "<group>"; };
		E6B39F2818154F0F00E1F83D /* AutoBuilds_Tests.m */ = {isa = PBXFileReference; lastKnownFileType = sourcecode.c.objc; path = AutoBuilds_Tests.m; sourceTree = "<group>"; };
		E6B39F2A18154F0F00E1F83D /* AutoBuilds_Tests-Prefix.pch */ = {isa = PBXFileReference; lastKnownFileType = sourcecode.c.h; path = "AutoBuilds_Tests-Prefix.pch"; sourceTree = "<group>"; };
		E6B39F3118154FA600E1F83D /* XCTest.framework */ = {isa = PBXFileReference; lastKnownFileType = wrapper.framework; name = XCTest.framework; path = Library/Frameworks/XCTest.framework; sourceTree = DEVELOPER_DIR; };
/* End PBXFileReference section */

/* Begin PBXFrameworksBuildPhase section */
		E6B39E181815161B00E1F83D /* Frameworks */ = {
			isa = PBXFrameworksBuildPhase;
			buildActionMask = 2147483647;
			files = (
				E6B39E211815161B00E1F83D /* CoreGraphics.framework in Frameworks */,
				E6B39E231815161B00E1F83D /* UIKit.framework in Frameworks */,
				E6B39E1F1815161B00E1F83D /* Foundation.framework in Frameworks */,
			);
			runOnlyForDeploymentPostprocessing = 0;
		};
		E6B39F1A18154F0E00E1F83D /* Frameworks */ = {
			isa = PBXFrameworksBuildPhase;
			buildActionMask = 2147483647;
			files = (
				E6B39F3218154FA600E1F83D /* XCTest.framework in Frameworks */,
				E6B39F2118154F0F00E1F83D /* UIKit.framework in Frameworks */,
				E6B39F2018154F0F00E1F83D /* Foundation.framework in Frameworks */,
			);
			runOnlyForDeploymentPostprocessing = 0;
		};
/* End PBXFrameworksBuildPhase section */

/* Begin PBXGroup section */
		E618E493181E4BD900BD74FB /* UI Automation */ = {
			isa = PBXGroup;
			children = (
				E618E496181E50F900BD74FB /* automationTest.js */,
			);
			name = "UI Automation";
			sourceTree = "<group>";
		};
		E6B39E121815161B00E1F83D = {
			isa = PBXGroup;
			children = (
				E618E493181E4BD900BD74FB /* UI Automation */,
				E6B39E241815161B00E1F83D /* AutoBuilds */,
				E6B39F2218154F0F00E1F83D /* AutoBuilds_Tests */,
				E6B39E1D1815161B00E1F83D /* Frameworks */,
				E6B39E1C1815161B00E1F83D /* Products */,
			);
			sourceTree = "<group>";
		};
		E6B39E1C1815161B00E1F83D /* Products */ = {
			isa = PBXGroup;
			children = (
				E6B39E1B1815161B00E1F83D /* AutoBuilds.app */,
				E6B39F1D18154F0E00E1F83D /* AutoBuilds_Tests.xctest */,
			);
			name = Products;
			sourceTree = "<group>";
		};
		E6B39E1D1815161B00E1F83D /* Frameworks */ = {
			isa = PBXGroup;
			children = (
				E6B39F3118154FA600E1F83D /* XCTest.framework */,
				E6B39E1E1815161B00E1F83D /* Foundation.framework */,
				E6B39E201815161B00E1F83D /* CoreGraphics.framework */,
				E6B39E221815161B00E1F83D /* UIKit.framework */,
			);
			name = Frameworks;
			sourceTree = "<group>";
		};
		E6B39E241815161B00E1F83D /* AutoBuilds */ = {
			isa = PBXGroup;
			children = (
				E6B39E2D1815161B00E1F83D /* NMAppDelegate.h */,
				E6B39E2E1815161B00E1F83D /* NMAppDelegate.m */,
				E6B39E301815161B00E1F83D /* Main.storyboard */,
				E6B39E331815161B00E1F83D /* NMViewController.h */,
				E6B39E341815161B00E1F83D /* NMViewController.m */,
				E6B39EAD181533C500E1F83D /* NMUtils.h */,
				E6B39EAE181533C500E1F83D /* NMUtils.m */,
				E6B39E361815161B00E1F83D /* Images.xcassets */,
				E6B39E251815161B00E1F83D /* Supporting Files */,
			);
			path = AutoBuilds;
			sourceTree = "<group>";
		};
		E6B39E251815161B00E1F83D /* Supporting Files */ = {
			isa = PBXGroup;
			children = (
				E6B39E261815161B00E1F83D /* AutoBuilds-Info.plist */,
				E6B39E271815161B00E1F83D /* InfoPlist.strings */,
				E6B39E2A1815161B00E1F83D /* main.m */,
				E6B39E2C1815161B00E1F83D /* AutoBuilds-Prefix.pch */,
			);
			name = "Supporting Files";
			sourceTree = "<group>";
		};
		E6B39F2218154F0F00E1F83D /* AutoBuilds_Tests */ = {
			isa = PBXGroup;
			children = (
				E6B39F2818154F0F00E1F83D /* AutoBuilds_Tests.m */,
				E6B39F2318154F0F00E1F83D /* Supporting Files */,
			);
			path = AutoBuilds_Tests;
			sourceTree = "<group>";
		};
		E6B39F2318154F0F00E1F83D /* Supporting Files */ = {
			isa = PBXGroup;
			children = (
				E6B39F2418154F0F00E1F83D /* AutoBuilds_Tests-Info.plist */,
				E6B39F2518154F0F00E1F83D /* InfoPlist.strings */,
				E6B39F2A18154F0F00E1F83D /* AutoBuilds_Tests-Prefix.pch */,
			);
			name = "Supporting Files";
			sourceTree = "<group>";
		};
/* End PBXGroup section */

/* Begin PBXNativeTarget section */
		E6B39E1A1815161B00E1F83D /* AutoBuilds */ = {
			isa = PBXNativeTarget;
			buildConfigurationList = E6B39E4D1815161B00E1F83D /* Build configuration list for PBXNativeTarget "AutoBuilds" */;
			buildPhases = (
				E6B39E171815161B00E1F83D /* Sources */,
				E6B39E181815161B00E1F83D /* Frameworks */,
				E6B39E191815161B00E1F83D /* Resources */,
			);
			buildRules = (
			);
			dependencies = (
			);
			name = AutoBuilds;
			productName = AutoBuilds;
			productReference = E6B39E1B1815161B00E1F83D /* AutoBuilds.app */;
			productType = "com.apple.product-type.application";
		};
		E6B39F1C18154F0E00E1F83D /* AutoBuilds_Tests */ = {
			isa = PBXNativeTarget;
			buildConfigurationList = E6B39F2D18154F0F00E1F83D /* Build configuration list for PBXNativeTarget "AutoBuilds_Tests" */;
			buildPhases = (
				E6B39F1918154F0E00E1F83D /* Sources */,
				E6B39F1A18154F0E00E1F83D /* Frameworks */,
				E6B39F1B18154F0E00E1F83D /* Resources */,
			);
			buildRules = (
			);
			dependencies = (
				E6B39F2C18154F0F00E1F83D /* PBXTargetDependency */,
			);
			name = AutoBuilds_Tests;
			productName = AutoBuilds_Tests;
			productReference = E6B39F1D18154F0E00E1F83D /* AutoBuilds_Tests.xctest */;
			productType = "com.apple.product-type.bundle.unit-test";
		};
/* End PBXNativeTarget section */

/* Begin PBXProject section */
		E6B39E131815161B00E1F83D /* Project object */ = {
			isa = PBXProject;
			attributes = {
				CLASSPREFIX = NM;
				LastUpgradeCheck = 0500;
				ORGANIZATIONNAME = "Roman Lazan";
				TargetAttributes = {
					E6B39E1A1815161B00E1F83D = {
						DevelopmentTeam = H2L378F6XY;
					};
					E6B39F1C18154F0E00E1F83D = {
						TestTargetID = E6B39E1A1815161B00E1F83D;
					};
				};
			};
			buildConfigurationList = E6B39E161815161B00E1F83D /* Build configuration list for PBXProject "AutoBuilds" */;
			compatibilityVersion = "Xcode 3.2";
			developmentRegion = English;
			hasScannedForEncodings = 0;
			knownRegions = (
				en,
				Base,
			);
			mainGroup = E6B39E121815161B00E1F83D;
			productRefGroup = E6B39E1C1815161B00E1F83D /* Products */;
			projectDirPath = "";
			projectRoot = "";
			targets = (
				E6B39E1A1815161B00E1F83D /* AutoBuilds */,
				E6B39F1C18154F0E00E1F83D /* AutoBuilds_Tests */,
			);
		};
/* End PBXProject section */

/* Begin PBXResourcesBuildPhase section */
		E6B39E191815161B00E1F83D /* Resources */ = {
			isa = PBXResourcesBuildPhase;
			buildActionMask = 2147483647;
			files = (
				E6B39E371815161B00E1F83D /* Images.xcassets in Resources */,
				E6B39E291815161B00E1F83D /* InfoPlist.strings in Resources */,
				E6B39E321815161B00E1F83D /* Main.storyboard in Resources */,
			);
			runOnlyForDeploymentPostprocessing = 0;
		};
		E6B39F1B18154F0E00E1F83D /* Resources */ = {
			isa = PBXResourcesBuildPhase;
			buildActionMask = 2147483647;
			files = (
				E6B39F2718154F0F00E1F83D /* InfoPlist.strings in Resources */,
			);
			runOnlyForDeploymentPostprocessing = 0;
		};
/* End PBXResourcesBuildPhase section */

/* Begin PBXSourcesBuildPhase section */
		E6B39E171815161B00E1F83D /* Sources */ = {
			isa = PBXSourcesBuildPhase;
			buildActionMask = 2147483647;
			files = (
				E6B39EAF181533C500E1F83D /* NMUtils.m in Sources */,
				E6B39E351815161B00E1F83D /* NMViewController.m in Sources */,
				E6B39E2B1815161B00E1F83D /* main.m in Sources */,
				E618E497181E50F900BD74FB /* automationTest.js in Sources */,
				E6B39E2F1815161B00E1F83D /* NMAppDelegate.m in Sources */,
			);
			runOnlyForDeploymentPostprocessing = 0;
		};
		E6B39F1918154F0E00E1F83D /* Sources */ = {
			isa = PBXSourcesBuildPhase;
			buildActionMask = 2147483647;
			files = (
				E6B39F3018154F7B00E1F83D /* NMUtils.m in Sources */,
				E6B39F2918154F0F00E1F83D /* AutoBuilds_Tests.m in Sources */,
			);
			runOnlyForDeploymentPostprocessing = 0;
		};
/* End PBXSourcesBuildPhase section */

/* Begin PBXTargetDependency section */
		E6B39F2C18154F0F00E1F83D /* PBXTargetDependency */ = {
			isa = PBXTargetDependency;
			target = E6B39E1A1815161B00E1F83D /* AutoBuilds */;
			targetProxy = E6B39F2B18154F0F00E1F83D /* PBXContainerItemProxy */;
		};
/* End PBXTargetDependency section */

/* Begin PBXVariantGroup section */
		E6B39E271815161B00E1F83D /* InfoPlist.strings */ = {
			isa = PBXVariantGroup;
			children = (
				E6B39E281815161B00E1F83D /* en */,
			);
			name = InfoPlist.strings;
			sourceTree = "<group>";
		};
		E6B39E301815161B00E1F83D /* Main.storyboard */ = {
			isa = PBXVariantGroup;
			children = (
				E6B39E311815161B00E1F83D /* Base */,
			);
			name = Main.storyboard;
			sourceTree = "<group>";
		};
		E6B39F2518154F0F00E1F83D /* InfoPlist.strings */ = {
			isa = PBXVariantGroup;
			children = (
				E6B39F2618154F0F00E1F83D /* en */,
			);
			name = InfoPlist.strings;
			sourceTree = "<group>";
		};
/* End PBXVariantGroup section */

/* Begin XCBuildConfiguration section */
		E6B39E4B1815161B00E1F83D /* Debug */ = {
			isa = XCBuildConfiguration;
			buildSettings = {
				ALWAYS_SEARCH_USER_PATHS = NO;
				ARCHS = "$(ARCHS_STANDARD_INCLUDING_64_BIT)";
				CLANG_CXX_LANGUAGE_STANDARD = "gnu++0x";
				CLANG_CXX_LIBRARY = "libc++";
				CLANG_ENABLE_MODULES = YES;
				CLANG_ENABLE_OBJC_ARC = YES;
				CLANG_WARN_BOOL_CONVERSION = YES;
				CLANG_WARN_CONSTANT_CONVERSION = YES;
				CLANG_WARN_DIRECT_OBJC_ISA_USAGE = YES_ERROR;
				CLANG_WARN_EMPTY_BODY = YES;
				CLANG_WARN_ENUM_CONVERSION = YES;
				CLANG_WARN_INT_CONVERSION = YES;
				CLANG_WARN_OBJC_ROOT_CLASS = YES_ERROR;
				CLANG_WARN__DUPLICATE_METHOD_MATCH = YES;
				CODE_SIGN_IDENTITY = "iPhone Developer: roman lazan (7595DY28P9)";
				"CODE_SIGN_IDENTITY[sdk=iphoneos*]" = "iPhone Developer: roman lazan (7595DY28P9)";
				COPY_PHASE_STRIP = NO;
				GCC_C_LANGUAGE_STANDARD = gnu99;
				GCC_DYNAMIC_NO_PIC = NO;
				GCC_OPTIMIZATION_LEVEL = 0;
				GCC_PREPROCESSOR_DEFINITIONS = (
					"DEBUG=1",
					"$(inherited)",
				);
				GCC_SYMBOLS_PRIVATE_EXTERN = NO;
				GCC_WARN_64_TO_32_BIT_CONVERSION = YES;
				GCC_WARN_ABOUT_RETURN_TYPE = YES_ERROR;
				GCC_WARN_UNDECLARED_SELECTOR = YES;
				GCC_WARN_UNINITIALIZED_AUTOS = YES;
				GCC_WARN_UNUSED_FUNCTION = YES;
				GCC_WARN_UNUSED_VARIABLE = YES;
				IPHONEOS_DEPLOYMENT_TARGET = 7.0;
				ONLY_ACTIVE_ARCH = YES;
				SDKROOT = iphoneos;
			};
			name = Debug;
		};
		E6B39E4C1815161B00E1F83D /* Release */ = {
			isa = XCBuildConfiguration;
			buildSettings = {
				ALWAYS_SEARCH_USER_PATHS = NO;
				ARCHS = "$(ARCHS_STANDARD_INCLUDING_64_BIT)";
				CLANG_CXX_LANGUAGE_STANDARD = "gnu++0x";
				CLANG_CXX_LIBRARY = "libc++";
				CLANG_ENABLE_MODULES = YES;
				CLANG_ENABLE_OBJC_ARC = YES;
				CLANG_WARN_BOOL_CONVERSION = YES;
				CLANG_WARN_CONSTANT_CONVERSION = YES;
				CLANG_WARN_DIRECT_OBJC_ISA_USAGE = YES_ERROR;
				CLANG_WARN_EMPTY_BODY = YES;
				CLANG_WARN_ENUM_CONVERSION = YES;
				CLANG_WARN_INT_CONVERSION = YES;
				CLANG_WARN_OBJC_ROOT_CLASS = YES_ERROR;
				CLANG_WARN__DUPLICATE_METHOD_MATCH = YES;
				CODE_SIGN_IDENTITY = "iPhone Developer: roman lazan (7595DY28P9)";
				"CODE_SIGN_IDENTITY[sdk=iphoneos*]" = "iPhone Developer: roman lazan (7595DY28P9)";
				COPY_PHASE_STRIP = YES;
				ENABLE_NS_ASSERTIONS = NO;
				GCC_C_LANGUAGE_STANDARD = gnu99;
				GCC_WARN_64_TO_32_BIT_CONVERSION = YES;
				GCC_WARN_ABOUT_RETURN_TYPE = YES_ERROR;
				GCC_WARN_UNDECLARED_SELECTOR = YES;
				GCC_WARN_UNINITIALIZED_AUTOS = YES;
				GCC_WARN_UNUSED_FUNCTION = YES;
				GCC_WARN_UNUSED_VARIABLE = YES;
				IPHONEOS_DEPLOYMENT_TARGET = 7.0;
				SDKROOT = iphoneos;
				VALIDATE_PRODUCT = YES;
			};
			name = Release;
		};
		E6B39E4E1815161B00E1F83D /* Debug */ = {
			isa = XCBuildConfiguration;
			buildSettings = {
				ASSETCATALOG_COMPILER_APPICON_NAME = AppIcon;
				ASSETCATALOG_COMPILER_LAUNCHIMAGE_NAME = LaunchImage;
				CODE_SIGN_IDENTITY = "iPhone Developer: roman lazan (7595DY28P9)";
				"CODE_SIGN_IDENTITY[sdk=iphoneos*]" = "iPhone Developer: roman lazan (7595DY28P9)";
				GCC_PRECOMPILE_PREFIX_HEADER = YES;
				GCC_PREFIX_HEADER = "AutoBuilds/AutoBuilds-Prefix.pch";
				INFOPLIST_FILE = "AutoBuilds/AutoBuilds-Info.plist";
				PRODUCT_NAME = "$(TARGET_NAME)";
				PROVISIONING_PROFILE = "08A1727C-6D0C-4701-B42A-FC840F9ADB90";
				WRAPPER_EXTENSION = app;
			};
			name = Debug;
		};
		E6B39E4F1815161B00E1F83D /* Release */ = {
			isa = XCBuildConfiguration;
			buildSettings = {
				ASSETCATALOG_COMPILER_APPICON_NAME = AppIcon;
				ASSETCATALOG_COMPILER_LAUNCHIMAGE_NAME = LaunchImage;
				CODE_SIGN_IDENTITY = "iPhone Developer: roman lazan (7595DY28P9)";
				"CODE_SIGN_IDENTITY[sdk=iphoneos*]" = "iPhone Developer: roman lazan (7595DY28P9)";
				GCC_PRECOMPILE_PREFIX_HEADER = YES;
				GCC_PREFIX_HEADER = "AutoBuilds/AutoBuilds-Prefix.pch";
				INFOPLIST_FILE = "AutoBuilds/AutoBuilds-Info.plist";
				PRODUCT_NAME = "$(TARGET_NAME)";
				PROVISIONING_PROFILE = "08A1727C-6D0C-4701-B42A-FC840F9ADB90";
				WRAPPER_EXTENSION = app;
			};
			name = Release;
		};
		E6B39F2E18154F0F00E1F83D /* Debug */ = {
			isa = XCBuildConfiguration;
			buildSettings = {
				ARCHS = "$(ARCHS_STANDARD_INCLUDING_64_BIT)";
				BUNDLE_LOADER = "$(BUILT_PRODUCTS_DIR)/AutoBuilds.app/AutoBuilds";
				FRAMEWORK_SEARCH_PATHS = (
					"$(SDKROOT)/Developer/Library/Frameworks",
					"$(inherited)",
					"$(DEVELOPER_FRAMEWORKS_DIR)",
				);
				GCC_PRECOMPILE_PREFIX_HEADER = YES;
				GCC_PREFIX_HEADER = "AutoBuilds_Tests/AutoBuilds_Tests-Prefix.pch";
				GCC_PREPROCESSOR_DEFINITIONS = (
					"DEBUG=1",
					"$(inherited)",
				);
				INFOPLIST_FILE = "AutoBuilds_Tests/AutoBuilds_Tests-Info.plist";
				PRODUCT_NAME = "$(TARGET_NAME)";
				TEST_HOST = "$(BUNDLE_LOADER)";
				WRAPPER_EXTENSION = xctest;
			};
			name = Debug;
		};
		E6B39F2F18154F0F00E1F83D /* Release */ = {
			isa = XCBuildConfiguration;
			buildSettings = {
				ARCHS = "$(ARCHS_STANDARD_INCLUDING_64_BIT)";
				BUNDLE_LOADER = "$(BUILT_PRODUCTS_DIR)/AutoBuilds.app/AutoBuilds";
				FRAMEWORK_SEARCH_PATHS = (
					"$(SDKROOT)/Developer/Library/Frameworks",
					"$(inherited)",
					"$(DEVELOPER_FRAMEWORKS_DIR)",
				);
				GCC_PRECOMPILE_PREFIX_HEADER = YES;
				GCC_PREFIX_HEADER = "AutoBuilds_Tests/AutoBuilds_Tests-Prefix.pch";
				INFOPLIST_FILE = "AutoBuilds_Tests/AutoBuilds_Tests-Info.plist";
				PRODUCT_NAME = "$(TARGET_NAME)";
				TEST_HOST = "$(BUNDLE_LOADER)";
				WRAPPER_EXTENSION = xctest;
			};
			name = Release;
		};
/* End XCBuildConfiguration section */

/* Begin XCConfigurationList section */
		E6B39E161815161B00E1F83D /* Build configuration list for PBXProject "AutoBuilds" */ = {
			isa = XCConfigurationList;
			buildConfigurations = (
				E6B39E4B1815161B00E1F83D /* Debug */,
				E6B39E4C1815161B00E1F83D /* Release */,
			);
			defaultConfigurationIsVisible = 0;
			defaultConfigurationName = Release;
		};
		E6B39E4D1815161B00E1F83D /* Build configuration list for PBXNativeTarget "AutoBuilds" */ = {
			isa = XCConfigurationList;
			buildConfigurations = (
				E6B39E4E1815161B00E1F83D /* Debug */,
				E6B39E4F1815161B00E1F83D /* Release */,
			);
			defaultConfigurationIsVisible = 0;
			defaultConfigurationName = Release;
		};
		E6B39F2D18154F0F00E1F83D /* Build configuration list for PBXNativeTarget "AutoBuilds_Tests" */ = {
			isa = XCConfigurationList;
			buildConfigurations = (
				E6B39F2E18154F0F00E1F83D /* Debug */,
				E6B39F2F18154F0F00E1F83D /* Release */,
			);
			defaultConfigurationIsVisible = 0;
			defaultConfigurationName = Release;
		};
/* End XCConfigurationList section */
	};
	rootObject = E6B39E131815161B00E1F83D /* Project object */;
}
